
Microsoft Visual Studio Solution File, Format Version 12.00
# Visual Studio Version 17
VisualStudioVersion = 17.11.35312.102
MinimumVisualStudioVersion = 10.0.40219.1
Project("{FAE04EC0-301F-11D3-BF4B-00C04F79EFBC}") = "UdpClient", "UdpClient.csproj", "{A77614E0-6753-4888-8907-73285221DECF}"
EndProject
Global
	GlobalSection(SolutionConfigurationPlatforms) = preSolution
		Debug|Any CPU = Debug|Any CPU
		Release|Any CPU = Release|Any CPU
	EndGlobalSection
	GlobalSection(ProjectConfigurationPlatforms) = postSolution
		{A77614E0-6753-4888-8907-73285221DECF}.Debug|Any CPU.ActiveCfg = Debug|Any CPU
		{A77614E0-6753-4888-8907-73285221DECF}.Debug|Any CPU.Build.0 = Debug|Any CPU
		{A77614E0-6753-4888-8907-73285221DECF}.Release|Any CPU.ActiveCfg = Release|Any CPU
		{A77614E0-6753-4888-8907-73285221DECF}.Release|Any CPU.Build.0 = Release|Any CPU
	EndGlobalSection
	GlobalSection(SolutionProperties) = preSolution
		HideSolutionNode = FALSE
	EndGlobalSection
	GlobalSection(ExtensibilityGlobals) = postSolution
		SolutionGuid = {78763EE1-77AC-4A52-AC8F-9EFAB3DFBB78}
	EndGlobalSection
EndGlobal
